// !$*UTF8*$!
{
	archiveVersion = 1;
	classes = {
	};
	objectVersion = 50;
	objects = {

/* Begin PBXBuildFile section */
		034C4F2B2484526200B4E4EF /* JKAudioPlayer.swift in Sources */ = {isa = PBXBuildFile; fileRef = 034C4F2A2484526200B4E4EF /* JKAudioPlayer.swift */; };
		034C4F2D2488E1FE00B4E4EF /* bgm2.mp3 in Resources */ = {isa = PBXBuildFile; fileRef = 034C4F2C2488E1FD00B4E4EF /* bgm2.mp3 */; };
		03A46E6D247CD943004C4E56 /* AppDelegate.swift in Sources */ = {isa = PBXBuildFile; fileRef = 03A46E6C247CD943004C4E56 /* AppDelegate.swift */; };
		03A46E6F247CD943004C4E56 /* SceneDelegate.swift in Sources */ = {isa = PBXBuildFile; fileRef = 03A46E6E247CD943004C4E56 /* SceneDelegate.swift */; };
		03A46E71247CD943004C4E56 /* ViewController.swift in Sources */ = {isa = PBXBuildFile; fileRef = 03A46E70247CD943004C4E56 /* ViewController.swift */; };
		03A46E74247CD944004C4E56 /* Main.storyboard in Resources */ = {isa = PBXBuildFile; fileRef = 03A46E72247CD944004C4E56 /* Main.storyboard */; };
		03A46E76247CD96A004C4E56 /* Assets.xcassets in Resources */ = {isa = PBXBuildFile; fileRef = 03A46E75247CD96A004C4E56 /* Assets.xcassets */; };
		03A46E79247CD96A004C4E56 /* LaunchScreen.storyboard in Resources */ = {isa = PBXBuildFile; fileRef = 03A46E77247CD96A004C4E56 /* LaunchScreen.storyboard */; };
		03A46E81247CE3AB004C4E56 /* GameScene.swift in Sources */ = {isa = PBXBuildFile; fileRef = 03A46E80247CE3AB004C4E56 /* GameScene.swift */; };
/* End PBXBuildFile section */

/* Begin PBXFileReference section */
		034C4F2A2484526200B4E4EF /* JKAudioPlayer.swift */ = {isa = PBXFileReference; lastKnownFileType = sourcecode.swift; path = JKAudioPlayer.swift; sourceTree = "<group>"; };
		034C4F2C2488E1FD00B4E4EF /* bgm2.mp3 */ = {isa = PBXFileReference; lastKnownFileType = audio.mp3; path = bgm2.mp3; sourceTree = "<group>"; };
		03A46E69247CD943004C4E56 /* FlappyBird.app */ = {isa = PBXFileReference; explicitFileType = wrapper.application; includeInIndex = 0; path = FlappyBird.app; sourceTree = BUILT_PRODUCTS_DIR; };
		03A46E6C247CD943004C4E56 /* AppDelegate.swift */ = {isa = PBXFileReference; lastKnownFileType = sourcecode.swift; path = AppDelegate.swift; sourceTree = "<group>"; };
		03A46E6E247CD943004C4E56 /* SceneDelegate.swift */ = {isa = PBXFileReference; lastKnownFileType = sourcecode.swift; path = SceneDelegate.swift; sourceTree = "<group>"; };
		03A46E70247CD943004C4E56 /* ViewController.swift */ = {isa = PBXFileReference; lastKnownFileType = sourcecode.swift; path = ViewController.swift; sourceTree = "<group>"; };
		03A46E73247CD944004C4E56 /* Base */ = {isa = PBXFileReference; lastKnownFileType = file.storyboard; name = Base; path = Base.lproj/Main.storyboard; sourceTree = "<group>"; };
		03A46E75247CD96A004C4E56 /* Assets.xcassets */ = {isa = PBXFileReference; lastKnownFileType = folder.assetcatalog; path = Assets.xcassets; sourceTree = "<group>"; };
		03A46E78247CD96A004C4E56 /* Base */ = {isa = PBXFileReference; lastKnownFileType = file.storyboard; name = Base; path = Base.lproj/LaunchScreen.storyboard; sourceTree = "<group>"; };
		03A46E7A247CD96A004C4E56 /* Info.plist */ = {isa = PBXFileReference; lastKnownFileType = text.plist.xml; path = Info.plist; sourceTree = "<group>"; };
		03A46E80247CE3AB004C4E56 /* GameScene.swift */ = {isa = PBXFileReference; lastKnownFileType = sourcecode.swift; path = GameScene.swift; sourceTree = "<group>"; };
/* End PBXFileReference section */

/* Begin PBXFrameworksBuildPhase section */
		03A46E66247CD943004C4E56 /* Frameworks */ = {
			isa = PBXFrameworksBuildPhase;
			buildActionMask = 2147483647;
			files = (
			);
			runOnlyForDeploymentPostprocessing = 0;
		};
/* End PBXFrameworksBuildPhase section */

/* Begin PBXGroup section */
		03A46E60247CD943004C4E56 = {
			isa = PBXGroup;
			children = (
				03A46E6B247CD943004C4E56 /* FlappyBird */,
				03A46E6A247CD943004C4E56 /* Products */,
				034C4F2C2488E1FD00B4E4EF /* bgm2.mp3 */,
			);
			sourceTree = "<group>";
		};
		03A46E6A247CD943004C4E56 /* Products */ = {
			isa = PBXGroup;
			children = (
				03A46E69247CD943004C4E56 /* FlappyBird.app */,
			);
			name = Products;
			sourceTree = "<group>";
		};
		03A46E6B247CD943004C4E56 /* FlappyBird */ = {
			isa = PBXGroup;
			children = (
				03A46E6C247CD943004C4E56 /* AppDelegate.swift */,
				03A46E80247CE3AB004C4E56 /* GameScene.swift */,
				03A46E6E247CD943004C4E56 /* SceneDelegate.swift */,
				03A46E70247CD943004C4E56 /* ViewController.swift */,
				03A46E72247CD944004C4E56 /* Main.storyboard */,
				03A46E75247CD96A004C4E56 /* Assets.xcassets */,
				03A46E77247CD96A004C4E56 /* LaunchScreen.storyboard */,
				03A46E7A247CD96A004C4E56 /* Info.plist */,
				034C4F2A2484526200B4E4EF /* JKAudioPlayer.swift */,
			);
			path = FlappyBird;
			sourceTree = "<group>";
		};
/* End PBXGroup section */

/* Begin PBXNativeTarget section */
		03A46E68247CD943004C4E56 /* FlappyBird */ = {
			isa = PBXNativeTarget;
			buildConfigurationList = 03A46E7D247CD96A004C4E56 /* Build configuration list for PBXNativeTarget "FlappyBird" */;
			buildPhases = (
				03A46E65247CD943004C4E56 /* Sources */,
				03A46E66247CD943004C4E56 /* Frameworks */,
				03A46E67247CD943004C4E56 /* Resources */,
			);
			buildRules = (
			);
			dependencies = (
			);
			name = FlappyBird;
			productName = FlappyBird;
			productReference = 03A46E69247CD943004C4E56 /* FlappyBird.app */;
			productType = "com.apple.product-type.application";
		};
/* End PBXNativeTarget section */

/* Begin PBXProject section */
		03A46E61247CD943004C4E56 /* Project object */ = {
			isa = PBXProject;
			attributes = {
				LastSwiftUpdateCheck = 1110;
				LastUpgradeCheck = 1110;
				ORGANIZATIONNAME = D;
				TargetAttributes = {
					03A46E68247CD943004C4E56 = {
						CreatedOnToolsVersion = 11.1;
					};
				};
			};
			buildConfigurationList = 03A46E64247CD943004C4E56 /* Build configuration list for PBXProject "FlappyBird" */;
			compatibilityVersion = "Xcode 9.3";
			developmentRegion = en;
			hasScannedForEncodings = 0;
			knownRegions = (
				en,
				Base,
			);
			mainGroup = 03A46E60247CD943004C4E56;
			productRefGroup = 03A46E6A247CD943004C4E56 /* Products */;
			projectDirPath = "";
			projectRoot = "";
			targets = (
				03A46E68247CD943004C4E56 /* FlappyBird */,
			);
		};
/* End PBXProject section */

/* Begin PBXResourcesBuildPhase section */
		03A46E67247CD943004C4E56 /* Resources */ = {
			isa = PBXResourcesBuildPhase;
			buildActionMask = 2147483647;
			files = (
				03A46E79247CD96A004C4E56 /* LaunchScreen.storyboard in Resources */,
				03A46E76247CD96A004C4E56 /* Assets.xcassets in Resources */,
				034C4F2D2488E1FE00B4E4EF /* bgm2.mp3 in Resources */,
				03A46E74247CD944004C4E56 /* Main.storyboard in Resources */,
			);
			runOnlyForDeploymentPostprocessing = 0;
		};
/* End PBXResourcesBuildPhase section */

/* Begin PBXSourcesBuildPhase section */
		03A46E65247CD943004C4E56 /* Sources */ = {
			isa = PBXSourcesBuildPhase;
			buildActionMask = 2147483647;
			files = (
				03A46E71247CD943004C4E56 /* ViewController.swift in Sources */,
				03A46E6D247CD943004C4E56 /* AppDelegate.swift in Sources */,
				034C4F2B2484526200B4E4EF /* JKAudioPlayer.swift in Sources */,
				03A46E81247CE3AB004C4E56 /* GameScene.swift in Sources */,
				03A46E6F247CD943004C4E56 /* SceneDelegate.swift in Sources */,
			);
			runOnlyForDeploymentPostprocessing = 0;
		};
/* End PBXSourcesBuildPhase section */

/* Begin PBXVariantGroup section */
		03A46E72247CD944004C4E56 /* Main.storyboard */ = {
			isa = PBXVariantGroup;
			children = (
				03A46E73247CD944004C4E56 /* Base */,
			);
			name = Main.storyboard;
			sourceTree = "<group>";
		};
		03A46E77247CD96A004C4E56 /* LaunchScreen.storyboard */ = {
			isa = PBXVariantGroup;
			children = (
				03A46E78247CD96A004C4E56 /* Base */,
			);
			name = LaunchScreen.storyboard;
			sourceTree = "<group>";
		};
/* End PBXVariantGroup section */

/* Begin XCBuildConfiguration section */
		03A46E7B247CD96A004C4E56 /* Debug */ = {
			isa = XCBuildConfiguration;
			buildSettings = {
				ALWAYS_SEARCH_USER_PATHS = NO;
				CLANG_ANALYZER_NONNULL = YES;
				CLANG_ANALYZER_NUMBER_OBJECT_CONVERSION = YES_AGGRESSIVE;
				CLANG_CXX_LANGUAGE_STANDARD = "gnu++14";
				CLANG_CXX_LIBRARY = "libc++";
				CLANG_ENABLE_MODULES = YES;
				CLANG_ENABLE_OBJC_ARC = YES;
				CLANG_ENABLE_OBJC_WEAK = YES;
				CLANG_WARN_BLOCK_CAPTURE_AUTORELEASING = YES;
				CLANG_WARN_BOOL_CONVERSION = YES;
				CLANG_WARN_COMMA = YES;
				CLANG_WARN_CONSTANT_CONVERSION = YES;
				CLANG_WARN_DEPRECATED_OBJC_IMPLEMENTATIONS = YES;
				CLANG_WARN_DIRECT_OBJC_ISA_USAGE = YES_ERROR;
				CLANG_WARN_DOCUMENTATION_COMMENTS = YES;
				CLANG_WARN_EMPTY_BODY = YES;
				CLANG_WARN_ENUM_CONVERSION = YES;
				CLANG_WARN_INFINITE_RECURSION = YES;
				CLANG_WARN_INT_CONVERSION = YES;
				CLANG_WARN_NON_LITERAL_NULL_CONVERSION = YES;
				CLANG_WARN_OBJC_IMPLICIT_RETAIN_SELF = YES;
				CLANG_WARN_OBJC_LITERAL_CONVERSION = YES;
				CLANG_WARN_OBJC_ROOT_CLASS = YES_ERROR;
				CLANG_WARN_RANGE_LOOP_ANALYSIS = YES;
				CLANG_WARN_STRICT_PROTOTYPES = YES;
				CLANG_WARN_SUSPICIOUS_MOVE = YES;
				CLANG_WARN_UNGUARDED_AVAILABILITY = YES_AGGRESSIVE;
				CLANG_WARN_UNREACHABLE_CODE = YES;
				CLANG_WARN__DUPLICATE_METHOD_MATCH = YES;
				COPY_PHASE_STRIP = NO;
				DEBUG_INFORMATION_FORMAT = dwarf;
				ENABLE_STRICT_OBJC_MSGSEND = YES;
				ENABLE_TESTABILITY = YES;
				GCC_C_LANGUAGE_STANDARD = gnu11;
				GCC_DYNAMIC_NO_PIC = NO;
				GCC_NO_COMMON_BLOCKS = YES;
				GCC_OPTIMIZATION_LEVEL = 0;
				GCC_PREPROCESSOR_DEFINITIONS = (
					"DEBUG=1",
					"$(inherited)",
				);
				GCC_WARN_64_TO_32_BIT_CONVERSION = YES;
				GCC_WARN_ABOUT_RETURN_TYPE = YES_ERROR;
				GCC_WARN_UNDECLARED_SELECTOR = YES;
				GCC_WARN_UNINITIALIZED_AUTOS = YES_AGGRESSIVE;
				GCC_WARN_UNUSED_FUNCTION = YES;
				GCC_WARN_UNUSED_VARIABLE = YES;
				IPHONEOS_DEPLOYMENT_TARGET = 13.1;
				MTL_ENABLE_DEBUG_INFO = INCLUDE_SOURCE;
				MTL_FAST_MATH = YES;
				ONLY_ACTIVE_ARCH = YES;
				SDKROOT = iphoneos;
				SWIFT_ACTIVE_COMPILATION_CONDITIONS = DEBUG;
				SWIFT_OPTIMIZATION_LEVEL = "-Onone";
			};
			name = Debug;
		};
		03A46E7C247CD96A004C4E56 /* Release */ = {
			isa = XCBuildConfiguration;
			buildSettings = {
				ALWAYS_SEARCH_USER_PATHS = NO;
				CLANG_ANALYZER_NONNULL = YES;
				CLANG_ANALYZER_NUMBER_OBJECT_CONVERSION = YES_AGGRESSIVE;
				CLANG_CXX_LANGUAGE_STANDARD = "gnu++14";
				CLANG_CXX_LIBRARY = "libc++";
				CLANG_ENABLE_MODULES = YES;
				CLANG_ENABLE_OBJC_ARC = YES;
				CLANG_ENABLE_OBJC_WEAK = YES;
				CLANG_WARN_BLOCK_CAPTURE_AUTORELEASING = YES;
				CLANG_WARN_BOOL_CONVERSION = YES;
				CLANG_WARN_COMMA = YES;
				CLANG_WARN_CONSTANT_CONVERSION = YES;
				CLANG_WARN_DEPRECATED_OBJC_IMPLEMENTATIONS = YES;
				CLANG_WARN_DIRECT_OBJC_ISA_USAGE = YES_ERROR;
				CLANG_WARN_DOCUMENTATION_COMMENTS = YES;
				CLANG_WARN_EMPTY_BODY = YES;
				CLANG_WARN_ENUM_CONVERSION = YES;
				CLANG_WARN_INFINITE_RECURSION = YES;
				CLANG_WARN_INT_CONVERSION = YES;
				CLANG_WARN_NON_LITERAL_NULL_CONVERSION = YES;
				CLANG_WARN_OBJC_IMPLICIT_RETAIN_SELF = YES;
				CLANG_WARN_OBJC_LITERAL_CONVERSION = YES;
				CLANG_WARN_OBJC_ROOT_CLASS = YES_ERROR;
				CLANG_WARN_RANGE_LOOP_ANALYSIS = YES;
				CLANG_WARN_STRICT_PROTOTYPES = YES;
				CLANG_WARN_SUSPICIOUS_MOVE = YES;
				CLANG_WARN_UNGUARDED_AVAILABILITY = YES_AGGRESSIVE;
				CLANG_WARN_UNREACHABLE_CODE = YES;
				CLANG_WARN__DUPLICATE_METHOD_MATCH = YES;
				COPY_PHASE_STRIP = NO;
				DEBUG_INFORMATION_FORMAT = "dwarf-with-dsym";
				ENABLE_NS_ASSERTIONS = NO;
				ENABLE_STRICT_OBJC_MSGSEND = YES;
				GCC_C_LANGUAGE_STANDARD = gnu11;
				GCC_NO_COMMON_BLOCKS = YES;
				GCC_WARN_64_TO_32_BIT_CONVERSION = YES;
				GCC_WARN_ABOUT_RETURN_TYPE = YES_ERROR;
				GCC_WARN_UNDECLARED_SELECTOR = YES;
				GCC_WARN_UNINITIALIZED_AUTOS = YES_AGGRESSIVE;
				GCC_WARN_UNUSED_FUNCTION = YES;
				GCC_WARN_UNUSED_VARIABLE = YES;
				IPHONEOS_DEPLOYMENT_TARGET = 13.1;
				MTL_ENABLE_DEBUG_INFO = NO;
				MTL_FAST_MATH = YES;
				SDKROOT = iphoneos;
				SWIFT_COMPILATION_MODE = wholemodule;
				SWIFT_OPTIMIZATION_LEVEL = "-O";
				VALIDATE_PRODUCT = YES;
			};
			name = Release;
		};
		03A46E7E247CD96A004C4E56 /* Debug */ = {
			isa = XCBuildConfiguration;
			buildSettings = {
				ASSETCATALOG_COMPILER_APPICON_NAME = AppIcon;
				CODE_SIGN_STYLE = Automatic;
				INFOPLIST_FILE = FlappyBird/Info.plist;
				LD_RUNPATH_SEARCH_PATHS = (
					"$(inherited)",
					"@executable_path/Frameworks",
				);
				PRODUCT_BUNDLE_IDENTIFIER = jp.dragon.engineer.D.FlappyBird;
				PRODUCT_NAME = "$(TARGET_NAME)";
				SWIFT_VERSION = 5.0;
				TARGETED_DEVICE_FAMILY = 1;
			};
			name = Debug;
		};
		03A46E7F247CD96A004C4E56 /* Release */ = {
			isa = XCBuildConfiguration;
			buildSettings = {
				ASSETCATALOG_COMPILER_APPICON_NAME = AppIcon;
				CODE_SIGN_STYLE = Automatic;
				INFOPLIST_FILE = FlappyBird/Info.plist;
				LD_RUNPATH_SEARCH_PATHS = (
					"$(inherited)",
					"@executable_path/Frameworks",
				);
				PRODUCT_BUNDLE_IDENTIFIER = jp.dragon.engineer.D.FlappyBird;
				PRODUCT_NAME = "$(TARGET_NAME)";
				SWIFT_VERSION = 5.0;
				TARGETED_DEVICE_FAMILY = 1;
			};
			name = Release;
		};
/* End XCBuildConfiguration section */

/* Begin XCConfigurationList section */
		03A46E64247CD943004C4E56 /* Build configuration list for PBXProject "FlappyBird" */ = {
			isa = XCConfigurationList;
			buildConfigurations = (
				03A46E7B247CD96A004C4E56 /* Debug */,
				03A46E7C247CD96A004C4E56 /* Release */,
			);
			defaultConfigurationIsVisible = 0;
			defaultConfigurationName = Release;
		};
		03A46E7D247CD96A004C4E56 /* Build configuration list for PBXNativeTarget "FlappyBird" */ = {
			isa = XCConfigurationList;
			buildConfigurations = (
				03A46E7E247CD96A004C4E56 /* Debug */,
				03A46E7F247CD96A004C4E56 /* Release */,
			);
			defaultConfigurationIsVisible = 0;
			defaultConfigurationName = Release;
		};
/* End XCConfigurationList section */
	};
	rootObject = 03A46E61247CD943004C4E56 /* Project object */;
}
